
Microsoft Visual Studio Solution File, Format Version 12.00
# Visual Studio 15
VisualStudioVersion = 15.0.27428.2037
MinimumVisualStudioVersion = 10.0.40219.1
Project("{FAE04EC0-301F-11D3-BF4B-00C04F79EFBC}") = "zhangping", "zhangping\zhangping.csproj", "{E0ED7504-CDCD-4792-8F99-E225C05C71E1}"
EndProject
Project("{54435603-DBB4-11D2-8724-00A0C9A8B90C}") = "zhangpingstup", "zhangpingstup\zhangpingstup.vdproj", "{75C7D818-1BBD-4BE5-A25F-401E212343D1}"
EndProject
Global
	GlobalSection(SolutionConfigurationPlatforms) = preSolution
		Debug|Any CPU = Debug|Any CPU
		Release|Any CPU = Release|Any CPU
	EndGlobalSection
	GlobalSection(ProjectConfigurationPlatforms) = postSolution
		{E0ED7504-CDCD-4792-8F99-E225C05C71E1}.Debug|Any CPU.ActiveCfg = Debug|Any CPU
		{E0ED7504-CDCD-4792-8F99-E225C05C71E1}.Debug|Any CPU.Build.0 = Debug|Any CPU
		{E0ED7504-CDCD-4792-8F99-E225C05C71E1}.Release|Any CPU.ActiveCfg = Release|Any CPU
		{E0ED7504-CDCD-4792-8F99-E225C05C71E1}.Release|Any CPU.Build.0 = Release|Any CPU
		{75C7D818-1BBD-4BE5-A25F-401E212343D1}.Debug|Any CPU.ActiveCfg = Debug
		{75C7D818-1BBD-4BE5-A25F-401E212343D1}.Release|Any CPU.ActiveCfg = Release
	EndGlobalSection
	GlobalSection(SolutionProperties) = preSolution
		HideSolutionNode = FALSE
	EndGlobalSection
	GlobalSection(ExtensibilityGlobals) = postSolution
		SolutionGuid = {562A56EB-84BA-430F-BB8D-21C4C6F26178}
	EndGlobalSection
EndGlobal
